{
  "version": 4,
  "terraform_version": "1.2.0",
  "serial": 16,
  "lineage": "c23adb97-d73c-0b56-5167-ebb62e6f8698",
  "outputs": {},
  "resources": [
    {
      "module": "module.web_app",
      "mode": "data",
      "type": "aws_ami",
      "name": "ubuntu",
      "provider": "module.web_app.provider[\"registry.terraform.io/hashicorp/aws\"]",
      "instances": [
        {
          "schema_version": 0,
          "attributes": {
            "architecture": "x86_64",
            "arn": "arn:aws:ec2:us-east-1::image/ami-0cadabe060becb0e1",
            "block_device_mappings": [
              {
                "device_name": "/dev/sda1",
                "ebs": {
                  "delete_on_termination": "true",
                  "encrypted": "false",
                  "iops": "0",
                  "snapshot_id": "snap-00c89024b316ea2b8",
                  "throughput": "0",
                  "volume_size": "8",
                  "volume_type": "gp2"
                },
                "no_device": "",
                "virtual_name": ""
              },
              {
                "device_name": "/dev/sdb",
                "ebs": {},
                "no_device": "",
                "virtual_name": "ephemeral0"
              },
              {
                "device_name": "/dev/sdc",
                "ebs": {},
                "no_device": "",
                "virtual_name": "ephemeral1"
              }
            ],
            "boot_mode": "legacy-bios",
            "creation_date": "2024-02-05T23:58:21.000Z",
            "deprecation_time": "2026-02-05T23:58:21.000Z",
            "description": "Canonical, Ubuntu, 20.04 LTS, amd64 focal image build on 2024-02-05",
            "ena_support": true,
            "executable_users": null,
            "filter": [
              {
                "name": "name",
                "values": [
                  "ubuntu/images/hvm-ssd/ubuntu-focal-20.04-amd64-server-*"
                ]
              },
              {
                "name": "virtualization-type",
                "values": [
                  "hvm"
                ]
              }
            ],
            "hypervisor": "xen",
            "id": "ami-0cadabe060becb0e1",
            "image_id": "ami-0cadabe060becb0e1",
            "image_location": "amazon/ubuntu/images/hvm-ssd/ubuntu-focal-20.04-amd64-server-20240205",
            "image_owner_alias": "amazon",
            "image_type": "machine",
            "imds_support": "",
            "include_deprecated": false,
            "kernel_id": "",
            "most_recent": true,
            "name": "ubuntu/images/hvm-ssd/ubuntu-focal-20.04-amd64-server-20240205",
            "name_regex": null,
            "owner_id": "099720109477",
            "owners": [
              "099720109477"
            ],
            "platform": "",
            "platform_details": "Linux/UNIX",
            "product_codes": [],
            "public": true,
            "ramdisk_id": "",
            "root_device_name": "/dev/sda1",
            "root_device_type": "ebs",
            "root_snapshot_id": "snap-00c89024b316ea2b8",
            "sriov_net_support": "simple",
            "state": "available",
            "state_reason": {
              "code": "UNSET",
              "message": "UNSET"
            },
            "tags": {},
            "timeouts": null,
            "tpm_support": "",
            "usage_operation": "RunInstances",
            "virtualization_type": "hvm"
          },
          "sensitive_attributes": []
        }
      ]
    },
    {
      "module": "module.web_app",
      "mode": "data",
      "type": "aws_subnets",
      "name": "public",
      "provider": "module.web_app.provider[\"registry.terraform.io/hashicorp/aws\"]",
      "instances": [
        {
          "schema_version": 0,
          "attributes": {
            "filter": [
              {
                "name": "vpc-id",
                "values": [
                  "vpc-0843de28cfa9bd0e1"
                ]
              }
            ],
            "id": "us-east-1",
            "ids": [
              "subnet-06f3d1356c79f94ea",
              "subnet-01ecf9dca30d6dba6",
              "subnet-0959383923cf876da"
            ],
            "tags": {
              "Tier": "Private"
            },
            "timeouts": null
          },
          "sensitive_attributes": []
        }
      ]
    },
    {
      "module": "module.web_app",
      "mode": "data",
      "type": "aws_vpc",
      "name": "this",
      "provider": "module.web_app.provider[\"registry.terraform.io/hashicorp/aws\"]",
      "instances": [
        {
          "schema_version": 0,
          "attributes": {
            "arn": "arn:aws:ec2:us-east-1:058264239309:vpc/vpc-0843de28cfa9bd0e1",
            "cidr_block": "10.0.0.0/16",
            "cidr_block_associations": [
              {
                "association_id": "vpc-cidr-assoc-07870222c92c45405",
                "cidr_block": "10.0.0.0/16",
                "state": "associated"
              }
            ],
            "default": false,
            "dhcp_options_id": "dopt-01ab4b7c7071293c5",
            "enable_dns_hostnames": true,
            "enable_dns_support": true,
            "enable_network_address_usage_metrics": false,
            "filter": null,
            "id": "vpc-0843de28cfa9bd0e1",
            "instance_tenancy": "default",
            "ipv6_association_id": "",
            "ipv6_cidr_block": "",
            "main_route_table_id": "rtb-08df023e8c791014f",
            "owner_id": "058264239309",
            "state": null,
            "tags": {
              "Name": "cacetinho-empresa-us-east-1-vpc"
            },
            "timeouts": null
          },
          "sensitive_attributes": []
        }
      ]
    },
    {
      "module": "module.web_app",
      "mode": "managed",
      "type": "aws_autoscaling_group",
      "name": "this",
      "provider": "module.web_app.provider[\"registry.terraform.io/hashicorp/aws\"]",
      "instances": [
        {
          "schema_version": 1,
          "attributes": {
            "arn": "arn:aws:autoscaling:us-east-1:058264239309:autoScalingGroup:93348b6c-d0bd-4e68-ba90-01c810ca0652:autoScalingGroupName/cacetinho-sa-frontend",
            "availability_zones": [
              "us-east-1a",
              "us-east-1b",
              "us-east-1c"
            ],
            "capacity_rebalance": false,
            "context": "",
            "default_cooldown": 300,
            "default_instance_warmup": 0,
            "desired_capacity": 1,
            "desired_capacity_type": "",
            "enabled_metrics": [],
            "force_delete": false,
            "force_delete_warm_pool": false,
            "health_check_grace_period": 300,
            "health_check_type": "EC2",
            "id": "cacetinho-sa-frontend",
            "ignore_failed_scaling_activities": false,
            "initial_lifecycle_hook": [],
            "instance_maintenance_policy": [],
            "instance_refresh": [
              {
                "preferences": [
                  {
                    "auto_rollback": false,
                    "checkpoint_delay": "",
                    "checkpoint_percentages": [],
                    "instance_warmup": "",
                    "max_healthy_percentage": 100,
                    "min_healthy_percentage": 50,
                    "scale_in_protected_instances": "Ignore",
                    "skip_matching": false,
                    "standby_instances": "Ignore"
                  }
                ],
                "strategy": "Rolling",
                "triggers": []
              }
            ],
            "launch_configuration": "terraform-20240209211028785700000001",
            "launch_template": [],
            "load_balancers": [],
            "max_instance_lifetime": 0,
            "max_size": 1,
            "metrics_granularity": "1Minute",
            "min_elb_capacity": null,
            "min_size": 1,
            "mixed_instances_policy": [],
            "name": "cacetinho-sa-frontend",
            "name_prefix": "",
            "placement_group": "",
            "predicted_capacity": 0,
            "protect_from_scale_in": false,
            "service_linked_role_arn": "arn:aws:iam::058264239309:role/aws-service-role/autoscaling.amazonaws.com/AWSServiceRoleForAutoScaling",
            "suspended_processes": [],
            "tag": [
              {
                "key": "Name",
                "propagate_at_launch": true,
                "value": "cacetinho-sa-frontend"
              }
            ],
            "target_group_arns": [
              "arn:aws:elasticloadbalancing:us-east-1:058264239309:targetgroup/cacetinho-sa-frontend-tg/77abcc8733368f03"
            ],
            "termination_policies": [],
            "timeouts": null,
            "traffic_source": [
              {
                "identifier": "arn:aws:elasticloadbalancing:us-east-1:058264239309:targetgroup/cacetinho-sa-frontend-tg/77abcc8733368f03",
                "type": "elbv2"
              }
            ],
            "vpc_zone_identifier": [
              "subnet-01ecf9dca30d6dba6",
              "subnet-06f3d1356c79f94ea",
              "subnet-0959383923cf876da"
            ],
            "wait_for_capacity_timeout": "10m",
            "wait_for_elb_capacity": null,
            "warm_pool": [],
            "warm_pool_size": 0
          },
          "sensitive_attributes": [],
          "private": "eyJlMmJmYjczMC1lY2FhLTExZTYtOGY4OC0zNDM2M2JjN2M0YzAiOnsiZGVsZXRlIjo2MDAwMDAwMDAwMDAsInVwZGF0ZSI6NjAwMDAwMDAwMDAwfSwic2NoZW1hX3ZlcnNpb24iOiIxIn0=",
          "dependencies": [
            "module.web_app.aws_key_pair.generated_key",
            "module.web_app.aws_launch_configuration.this",
            "module.web_app.aws_lb.this",
            "module.web_app.aws_lb_target_group.this",
            "module.web_app.aws_security_group.instance",
            "module.web_app.data.aws_ami.ubuntu",
            "module.web_app.data.aws_subnets.public"
          ]
        }
      ]
    },
    {
      "module": "module.web_app",
      "mode": "managed",
      "type": "aws_key_pair",
      "name": "generated_key",
      "provider": "module.web_app.provider[\"registry.terraform.io/hashicorp/aws\"]",
      "instances": [
        {
          "schema_version": 1,
          "attributes": {
            "arn": "arn:aws:ec2:us-east-1:058264239309:key-pair/cacetinho-sa-frontend-key",
            "fingerprint": "d8:41:d7:83:3b:34:c6:1d:90:d0:fa:59:f1:b7:4e:5d",
            "id": "cacetinho-sa-frontend-key",
            "key_name": "cacetinho-sa-frontend-key",
            "key_name_prefix": "",
            "key_pair_id": "key-0d06d8dce8ab2bc44",
            "key_type": "rsa",
            "public_key": "ssh-rsa AAAAB3NzaC1yc2EAAAADAQABAAACAQCweqdf9z0VFePj7iVn1eFfxwhqQEd8RF+wgsYocpGXGwvHOsvcuWxWXhkNLtUKFtH54IoFB14FA4XLTKeT8yuzyYvmq/o5cd3q8YLYxDIu9yB11aOhA+KKDsPicxexDuPxK6Odj1FaR9qgpGcFB82AQGe3EHVKMLSp+mPv5KU/xxiZwc7ipYqHKot9hz6wlE84ikaJCTEJbvU8Wg0lMxulCKNzulXjyKSlMQ9mQ+MYJ2o/fJdHZjvnhD1OcCKhJaClB2gtJyL18MC4boAOn4uYFY/X4UK3mbvIcO0q4PztKqzZVzD6hBVj5514DmXc9nQ2O/GaMEOvhcqiQEp4/n1MyGe8DjLU8D7gD6ZDaDSsbmersg7u5La7MB/ZfwygkfaLHF3nF49lQ9qDCe2ORiaYMS2f6lKSOrSokjYeG9SqaYDMtQ2Z+9XlxGXeFgEjLGo+drorY8FtzReNwAas36Usqwibv+KLMbO4bwaD9DgAW488AoBjmBWyrioP8YkzB0PvIBqY1SER5c2R02wrrzhqhDIUEB8tIdOfVyCpjBs160Lo3NTBJhAaKHoqzHTYAEI7bW3R+TbMn1yjKBJc5YVU2E5cdyEZpwgSeHai3/2ybcVx8HL9DcauWkd3RHDfHTfLcCozUC8lSiscPIiUVlept3VIuktbh9B94/z53JB0iQ==",
            "tags": {},
            "tags_all": {}
          },
          "sensitive_attributes": [],
          "private": "eyJzY2hlbWFfdmVyc2lvbiI6IjEifQ==",
          "dependencies": [
            "module.web_app.tls_private_key.ssh_key"
          ],
          "create_before_destroy": true
        }
      ]
    },
    {
      "module": "module.web_app",
      "mode": "managed",
      "type": "aws_launch_configuration",
      "name": "this",
      "provider": "module.web_app.provider[\"registry.terraform.io/hashicorp/aws\"]",
      "instances": [
        {
          "schema_version": 0,
          "attributes": {
            "arn": "arn:aws:autoscaling:us-east-1:058264239309:launchConfiguration:1b9f8e20-9dab-449f-a444-3b6c39891142:launchConfigurationName/terraform-20240209211028785700000001",
            "associate_public_ip_address": false,
            "ebs_block_device": [],
            "ebs_optimized": false,
            "enable_monitoring": true,
            "ephemeral_block_device": [],
            "iam_instance_profile": "",
            "id": "terraform-20240209211028785700000001",
            "image_id": "ami-0cadabe060becb0e1",
            "instance_type": "t2.micro",
            "key_name": "cacetinho-sa-frontend-key",
            "metadata_options": [],
            "name": "terraform-20240209211028785700000001",
            "name_prefix": "terraform-",
            "placement_tenancy": "",
            "root_block_device": [],
            "security_groups": [
              "sg-061f5601ea8d9d559"
            ],
            "spot_price": "",
            "user_data": null,
            "user_data_base64": null
          },
          "sensitive_attributes": [],
          "private": "bnVsbA==",
          "dependencies": [
            "module.web_app.aws_key_pair.generated_key",
            "module.web_app.aws_security_group.instance",
            "module.web_app.data.aws_ami.ubuntu"
          ],
          "create_before_destroy": true
        }
      ]
    },
    {
      "module": "module.web_app",
      "mode": "managed",
      "type": "aws_lb",
      "name": "this",
      "provider": "module.web_app.provider[\"registry.terraform.io/hashicorp/aws\"]",
      "instances": [
        {
          "schema_version": 0,
          "attributes": {
            "access_logs": [
              {
                "bucket": "",
                "enabled": false,
                "prefix": ""
              }
            ],
            "arn": "arn:aws:elasticloadbalancing:us-east-1:058264239309:loadbalancer/app/cacetinho-sa-frontend-alb/5b6fecebe5745c52",
            "arn_suffix": "app/cacetinho-sa-frontend-alb/5b6fecebe5745c52",
            "connection_logs": [
              {
                "bucket": "",
                "enabled": false,
                "prefix": ""
              }
            ],
            "customer_owned_ipv4_pool": "",
            "desync_mitigation_mode": "defensive",
            "dns_name": "cacetinho-sa-frontend-alb-296944683.us-east-1.elb.amazonaws.com",
            "dns_record_client_routing_policy": null,
            "drop_invalid_header_fields": false,
            "enable_cross_zone_load_balancing": true,
            "enable_deletion_protection": false,
            "enable_http2": true,
            "enable_tls_version_and_cipher_suite_headers": false,
            "enable_waf_fail_open": false,
            "enable_xff_client_port": false,
            "enforce_security_group_inbound_rules_on_private_link_traffic": "",
            "id": "arn:aws:elasticloadbalancing:us-east-1:058264239309:loadbalancer/app/cacetinho-sa-frontend-alb/5b6fecebe5745c52",
            "idle_timeout": 60,
            "internal": false,
            "ip_address_type": "ipv4",
            "load_balancer_type": "application",
            "name": "cacetinho-sa-frontend-alb",
            "name_prefix": "",
            "preserve_host_header": false,
            "security_groups": [
              "sg-008c184d5d2565c5c"
            ],
            "subnet_mapping": [
              {
                "allocation_id": "",
                "ipv6_address": "",
                "outpost_id": "",
                "private_ipv4_address": "",
                "subnet_id": "subnet-01ecf9dca30d6dba6"
              },
              {
                "allocation_id": "",
                "ipv6_address": "",
                "outpost_id": "",
                "private_ipv4_address": "",
                "subnet_id": "subnet-06f3d1356c79f94ea"
              },
              {
                "allocation_id": "",
                "ipv6_address": "",
                "outpost_id": "",
                "private_ipv4_address": "",
                "subnet_id": "subnet-0959383923cf876da"
              }
            ],
            "subnets": [
              "subnet-01ecf9dca30d6dba6",
              "subnet-06f3d1356c79f94ea",
              "subnet-0959383923cf876da"
            ],
            "tags": {},
            "tags_all": {},
            "timeouts": null,
            "vpc_id": "vpc-0843de28cfa9bd0e1",
            "xff_header_processing_mode": "append",
            "zone_id": "Z35SXDOTRQ7X7K"
          },
          "sensitive_attributes": [],
          "private": "eyJlMmJmYjczMC1lY2FhLTExZTYtOGY4OC0zNDM2M2JjN2M0YzAiOnsiY3JlYXRlIjo2MDAwMDAwMDAwMDAsImRlbGV0ZSI6NjAwMDAwMDAwMDAwLCJ1cGRhdGUiOjYwMDAwMDAwMDAwMH19",
          "dependencies": [
            "module.web_app.aws_security_group.alb",
            "module.web_app.data.aws_subnets.public",
            "module.web_app.data.aws_vpc.this"
          ]
        }
      ]
    },
    {
      "module": "module.web_app",
      "mode": "managed",
      "type": "aws_lb_listener",
      "name": "http",
      "provider": "module.web_app.provider[\"registry.terraform.io/hashicorp/aws\"]",
      "instances": [
        {
          "schema_version": 0,
          "attributes": {
            "alpn_policy": null,
            "arn": "arn:aws:elasticloadbalancing:us-east-1:058264239309:listener/app/cacetinho-sa-frontend-alb/5b6fecebe5745c52/892bc6e461b30f6e",
            "certificate_arn": null,
            "default_action": [
              {
                "authenticate_cognito": [],
                "authenticate_oidc": [],
                "fixed_response": [],
                "forward": [],
                "order": 1,
                "redirect": [],
                "target_group_arn": "arn:aws:elasticloadbalancing:us-east-1:058264239309:targetgroup/cacetinho-sa-frontend-tg/77abcc8733368f03",
                "type": "forward"
              }
            ],
            "id": "arn:aws:elasticloadbalancing:us-east-1:058264239309:listener/app/cacetinho-sa-frontend-alb/5b6fecebe5745c52/892bc6e461b30f6e",
            "load_balancer_arn": "arn:aws:elasticloadbalancing:us-east-1:058264239309:loadbalancer/app/cacetinho-sa-frontend-alb/5b6fecebe5745c52",
            "mutual_authentication": [],
            "port": 80,
            "protocol": "HTTP",
            "ssl_policy": "",
            "tags": {},
            "tags_all": {},
            "timeouts": null
          },
          "sensitive_attributes": [],
          "private": "eyJlMmJmYjczMC1lY2FhLTExZTYtOGY4OC0zNDM2M2JjN2M0YzAiOnsiY3JlYXRlIjozMDAwMDAwMDAwMDAsInVwZGF0ZSI6MzAwMDAwMDAwMDAwfX0=",
          "dependencies": [
            "module.web_app.aws_lb.this",
            "module.web_app.aws_lb_target_group.this",
            "module.web_app.aws_security_group.alb",
            "module.web_app.data.aws_subnets.public",
            "module.web_app.data.aws_vpc.this"
          ]
        }
      ]
    },
    {
      "module": "module.web_app",
      "mode": "managed",
      "type": "aws_lb_target_group",
      "name": "this",
      "provider": "module.web_app.provider[\"registry.terraform.io/hashicorp/aws\"]",
      "instances": [
        {
          "schema_version": 0,
          "attributes": {
            "arn": "arn:aws:elasticloadbalancing:us-east-1:058264239309:targetgroup/cacetinho-sa-frontend-tg/77abcc8733368f03",
            "arn_suffix": "targetgroup/cacetinho-sa-frontend-tg/77abcc8733368f03",
            "connection_termination": null,
            "deregistration_delay": "300",
            "health_check": [
              {
                "enabled": true,
                "healthy_threshold": 5,
                "interval": 30,
                "matcher": "200",
                "path": "/",
                "port": "traffic-port",
                "protocol": "HTTP",
                "timeout": 5,
                "unhealthy_threshold": 2
              }
            ],
            "id": "arn:aws:elasticloadbalancing:us-east-1:058264239309:targetgroup/cacetinho-sa-frontend-tg/77abcc8733368f03",
            "ip_address_type": "ipv4",
            "lambda_multi_value_headers_enabled": false,
            "load_balancing_algorithm_type": "round_robin",
            "load_balancing_anomaly_mitigation": "off",
            "load_balancing_cross_zone_enabled": "use_load_balancer_configuration",
            "name": "cacetinho-sa-frontend-tg",
            "name_prefix": "",
            "port": 80,
            "preserve_client_ip": null,
            "protocol": "HTTP",
            "protocol_version": "HTTP1",
            "proxy_protocol_v2": false,
            "slow_start": 0,
            "stickiness": [
              {
                "cookie_duration": 86400,
                "cookie_name": "",
                "enabled": false,
                "type": "lb_cookie"
              }
            ],
            "tags": {},
            "tags_all": {},
            "target_failover": [
              {
                "on_deregistration": null,
                "on_unhealthy": null
              }
            ],
            "target_health_state": [
              {
                "enable_unhealthy_connection_termination": null
              }
            ],
            "target_type": "instance",
            "vpc_id": "vpc-0843de28cfa9bd0e1"
          },
          "sensitive_attributes": [],
          "private": "bnVsbA==",
          "dependencies": [
            "module.web_app.data.aws_vpc.this"
          ]
        }
      ]
    },
    {
      "module": "module.web_app",
      "mode": "managed",
      "type": "aws_security_group",
      "name": "alb",
      "provider": "module.web_app.provider[\"registry.terraform.io/hashicorp/aws\"]",
      "instances": [
        {
          "schema_version": 1,
          "attributes": {
            "arn": "arn:aws:ec2:us-east-1:058264239309:security-group/sg-008c184d5d2565c5c",
            "description": "Managed by Terraform",
            "egress": [],
            "id": "sg-008c184d5d2565c5c",
            "ingress": [],
            "name": "cacetinho-sa-frontend-alb",
            "name_prefix": "",
            "owner_id": "058264239309",
            "revoke_rules_on_delete": false,
            "tags": {},
            "tags_all": {},
            "timeouts": null,
            "vpc_id": "vpc-0843de28cfa9bd0e1"
          },
          "sensitive_attributes": [],
          "private": "eyJlMmJmYjczMC1lY2FhLTExZTYtOGY4OC0zNDM2M2JjN2M0YzAiOnsiY3JlYXRlIjo2MDAwMDAwMDAwMDAsImRlbGV0ZSI6OTAwMDAwMDAwMDAwfSwic2NoZW1hX3ZlcnNpb24iOiIxIn0=",
          "dependencies": [
            "module.web_app.data.aws_vpc.this"
          ]
        }
      ]
    },
    {
      "module": "module.web_app",
      "mode": "managed",
      "type": "aws_security_group",
      "name": "instance",
      "provider": "module.web_app.provider[\"registry.terraform.io/hashicorp/aws\"]",
      "instances": [
        {
          "schema_version": 1,
          "attributes": {
            "arn": "arn:aws:ec2:us-east-1:058264239309:security-group/sg-061f5601ea8d9d559",
            "description": "Managed by Terraform",
            "egress": [],
            "id": "sg-061f5601ea8d9d559",
            "ingress": [
              {
                "cidr_blocks": [
                  "0.0.0.0/0"
                ],
                "description": "",
                "from_port": 8080,
                "ipv6_cidr_blocks": [],
                "prefix_list_ids": [],
                "protocol": "tcp",
                "security_groups": [
                  "sg-008c184d5d2565c5c"
                ],
                "self": false,
                "to_port": 8080
              },
              {
                "cidr_blocks": [],
                "description": "",
                "from_port": 22,
                "ipv6_cidr_blocks": [],
                "prefix_list_ids": [],
                "protocol": "tcp",
                "security_groups": [
                  "sg-071b60677aa8bcfeb"
                ],
                "self": false,
                "to_port": 22
              }
            ],
            "name": "cacetinho-sa-frontend-instance",
            "name_prefix": "",
            "owner_id": "058264239309",
            "revoke_rules_on_delete": false,
            "tags": {},
            "tags_all": {},
            "timeouts": null,
            "vpc_id": "vpc-0843de28cfa9bd0e1"
          },
          "sensitive_attributes": [],
          "private": "eyJlMmJmYjczMC1lY2FhLTExZTYtOGY4OC0zNDM2M2JjN2M0YzAiOnsiY3JlYXRlIjo2MDAwMDAwMDAwMDAsImRlbGV0ZSI6OTAwMDAwMDAwMDAwfSwic2NoZW1hX3ZlcnNpb24iOiIxIn0=",
          "dependencies": [
            "module.web_app.data.aws_vpc.this"
          ],
          "create_before_destroy": true
        }
      ]
    },
    {
      "module": "module.web_app",
      "mode": "managed",
      "type": "aws_security_group_rule",
      "name": "alb",
      "provider": "module.web_app.provider[\"registry.terraform.io/hashicorp/aws\"]",
      "instances": [
        {
          "schema_version": 2,
          "attributes": {
            "cidr_blocks": [
              "0.0.0.0/0"
            ],
            "description": "",
            "from_port": 8080,
            "id": "sgrule-4203174961",
            "ipv6_cidr_blocks": null,
            "prefix_list_ids": null,
            "protocol": "tcp",
            "security_group_id": "sg-061f5601ea8d9d559",
            "security_group_rule_id": "sgr-010bb67b0c7258193",
            "self": false,
            "source_security_group_id": null,
            "timeouts": null,
            "to_port": 8080,
            "type": "ingress"
          },
          "sensitive_attributes": [],
          "private": "eyJlMmJmYjczMC1lY2FhLTExZTYtOGY4OC0zNDM2M2JjN2M0YzAiOnsiY3JlYXRlIjozMDAwMDAwMDAwMDB9LCJzY2hlbWFfdmVyc2lvbiI6IjIifQ==",
          "dependencies": [
            "module.web_app.aws_security_group.instance",
            "module.web_app.data.aws_vpc.this"
          ]
        }
      ]
    },
    {
      "module": "module.web_app",
      "mode": "managed",
      "type": "aws_security_group_rule",
      "name": "allow_connect_to_instance",
      "provider": "module.web_app.provider[\"registry.terraform.io/hashicorp/aws\"]",
      "instances": [
        {
          "schema_version": 2,
          "attributes": {
            "cidr_blocks": null,
            "description": "",
            "from_port": 8080,
            "id": "sgrule-3675117369",
            "ipv6_cidr_blocks": null,
            "prefix_list_ids": null,
            "protocol": "tcp",
            "security_group_id": "sg-061f5601ea8d9d559",
            "security_group_rule_id": "sgr-055066bd232973b69",
            "self": false,
            "source_security_group_id": "sg-008c184d5d2565c5c",
            "timeouts": null,
            "to_port": 8080,
            "type": "ingress"
          },
          "sensitive_attributes": [],
          "private": "eyJlMmJmYjczMC1lY2FhLTExZTYtOGY4OC0zNDM2M2JjN2M0YzAiOnsiY3JlYXRlIjozMDAwMDAwMDAwMDB9LCJzY2hlbWFfdmVyc2lvbiI6IjIifQ==",
          "dependencies": [
            "module.web_app.aws_security_group.alb",
            "module.web_app.aws_security_group.instance",
            "module.web_app.data.aws_vpc.this"
          ]
        }
      ]
    },
    {
      "module": "module.web_app",
      "mode": "managed",
      "type": "tls_private_key",
      "name": "ssh_key",
      "provider": "provider[\"registry.terraform.io/hashicorp/tls\"]",
      "instances": [
        {
          "schema_version": 1,
          "attributes": {
            "algorithm": "RSA",
            "ecdsa_curve": "P224",
            "id": "946e03b4b4bdf39a1e5e226b98864e9ace848fba",
            "private_key_openssh": "-----BEGIN OPENSSH PRIVATE KEY-----\nb3BlbnNzaC1rZXktdjEAAAAABG5vbmUAAAAEbm9uZQAAAAAAAAABAAACFwAAAAdz\nc2gtcnNhAAAAAwEAAQAAAgEAsHqnX/c9FRXj4+4lZ9XhX8cIakBHfERfsILGKHKR\nlxsLxzrL3LlsVl4ZDS7VChbR+eCKBQdeBQOFy0ynk/Mrs8mL5qv6OXHd6vGC2MQy\nLvcgddWjoQPiig7D4nMXsQ7j8SujnY9RWkfaoKRnBQfNgEBntxB1SjC0qfpj7+Sl\nP8cYmcHO4qWKhyqLfYc+sJRPOIpGiQkxCW71PFoNJTMbpQijc7pV48ikpTEPZkPj\nGCdqP3yXR2Y754Q9TnAioSWgpQdoLSci9fDAuG6ADp+LmBWP1+FCt5m7yHDtKuD8\n7Sqs2Vcw+oQVY+edeA5l3PZ0NjvxmjBDr4XKokBKeP59TMhnvA4y1PA+4A+mQ2g0\nrG5nq7IO7uS2uzAf2X8MoJH2ixxd5xePZUPagwntjkYmmDEtn+pSkjq0qJI2HhvU\nqmmAzLUNmfvV5cRl3hYBIyxqPna6K2PBbc0XjcAGrN+lLKsIm7/iizGzuG8Gg/Q4\nAFuPPAKAY5gVsq4qD/GJMwdD7yAamNUhEeXNkdNsK684aoQyFBAfLSHTn1cgqYwb\nNetC6NzUwSYQGih6Ksx02ABCO21t0fk2zJ9coygSXOWFVNhOXHchGacIEnh2ot/9\nsm3FcfBy/Q3GrlpHd0Rw3x03y3AqM1AvJUorHDyIlFZXqbd1SLpLW4fQfeP8+dyQ\ndIkAAAc4aKAh9GigIfQAAAAHc3NoLXJzYQAAAgEAsHqnX/c9FRXj4+4lZ9XhX8cI\nakBHfERfsILGKHKRlxsLxzrL3LlsVl4ZDS7VChbR+eCKBQdeBQOFy0ynk/Mrs8mL\n5qv6OXHd6vGC2MQyLvcgddWjoQPiig7D4nMXsQ7j8SujnY9RWkfaoKRnBQfNgEBn\ntxB1SjC0qfpj7+SlP8cYmcHO4qWKhyqLfYc+sJRPOIpGiQkxCW71PFoNJTMbpQij\nc7pV48ikpTEPZkPjGCdqP3yXR2Y754Q9TnAioSWgpQdoLSci9fDAuG6ADp+LmBWP\n1+FCt5m7yHDtKuD87Sqs2Vcw+oQVY+edeA5l3PZ0NjvxmjBDr4XKokBKeP59TMhn\nvA4y1PA+4A+mQ2g0rG5nq7IO7uS2uzAf2X8MoJH2ixxd5xePZUPagwntjkYmmDEt\nn+pSkjq0qJI2HhvUqmmAzLUNmfvV5cRl3hYBIyxqPna6K2PBbc0XjcAGrN+lLKsI\nm7/iizGzuG8Gg/Q4AFuPPAKAY5gVsq4qD/GJMwdD7yAamNUhEeXNkdNsK684aoQy\nFBAfLSHTn1cgqYwbNetC6NzUwSYQGih6Ksx02ABCO21t0fk2zJ9coygSXOWFVNhO\nXHchGacIEnh2ot/9sm3FcfBy/Q3GrlpHd0Rw3x03y3AqM1AvJUorHDyIlFZXqbd1\nSLpLW4fQfeP8+dyQdIkAAAADAQABAAACAFjDaFoRXcy0NOpYxsGiRvhIgIgIiqwL\nK+H49Lg1X9sTxGnRveXn8YDDVXBXBNpNPhGjiWgcG4MEEZB+nq8AmROVpONBztqD\n1i2sibaDgAY1UENUUDfVX2U3JflJEDqDFc0guOuvwShaibFQ32wdT5RZUJE4GvZU\n5xmzkf6AD0mz10DGxUskHjf8AysBElv4TJxQmEemst5ey8QuOvxh516rqKK1ryuh\nqIZZ1bgHHzrv4DXMcb58wlahIcDJD/HjnhhDUHedfq0bCaP6GDjCsJCvD6lyaH82\nOMgJXJC7lxum4kdy3nSyaJvWTFKtUzi/URZSMiPucKzg61mOYqbWwag9OyxunmG7\npkDxEIdIfFf22w2z1bGShXJyZQtzmbqA3aGxDezTWzBM9dJG/qum49n5CkZInIIA\nwJeQWRJQzQzNLNG++sqONVBAvkeTMCfXNR90dkDm+nw7jb7elH6NnDqxQou+DJpE\n2ozm7N7AsTkUnDS5OzyzR4QUEvo9sKICtREG4CgwKMz8DA4vyBAQZzmuSPNjDacd\nDtvczzuuWGgYKoRQ1e02KI4/tOyPEU6VZxwelCdMtbApt8Ec4YxEGcWh6BuYOsjM\nkC+1Y58hSvkGrJSRWqJaPD34s6KX+ghHj7HoV+9VrWnJKVgPoHp7bZmiUYJkCMEH\nk35YThSvFNE9AAABAQCLDObuWezH4zD3rTgK7WI9+QyPdvqgF1Fo5ZeG13g62Hzl\nbZi/SvECvMttJ1PsgiSjQJyKBinMczoDddA9K2bRaaO9fAacxkRvagRGaxAzmRR5\nf+QdwtCWc8t/bGIjpGlf64LyqAtGOy7uo8peCsqROBkqSD/ZD19If55qlp5mLmlb\nXzSzyS9z73XzrA6PMbgnnst9v8g0sy0TaHnIn8Ja8ctWWv+fz3y8FtVPjMciqD0p\nVbxrb51KN22rTUJ4N7wljnKAQ8NNN46fZOMRJuRcbGe0YoyqmpCeJmssewBXIh3g\n5HVSLm9MnnOHMBmDlY77kd1Krce7l7/zh8E3CjMXAAABAQDBHogrzqExCrndqbsh\npAWwvtcUoD0AjAIQrBI633rsYv9mCuJouLsCmV6MADdnB+GsBQZDYESiT2eCQy9u\nanUCO8I2znQ2eSLi40TMm8r14LL650jAPokTCGFzq2ly1GcVeHbgMBlAFYndOAFB\nvVOfb/myq7qMan78tAYAu6zTOpEmLcPZKMxiPkSGEngptAVXv3EIGpziBZVgaDZd\n0tryFWiNWqcSO5LgX+zrEn0m5jfcFAigQrw4dlidzSu3Gr53Td6pMavEkOGvQKwM\nsZfTe1Wan+s3XaX9kWi7KwHBQl3jmpSx/P+JJxy3jHkIKwXMKlGm75Sz2nUKMSHS\nj4dXAAABAQDp8RTOJ2eqDGePxLia6OdkxDfGlzNefFbZe2P6JZD83E3BVwDaHLY6\nttytsqr15QKzUchEKTa2u9iDV92VtZdbl5bkweeAOlhjoU3fWXBLIECQyYgo4u3/\n2uMbNWjToJRlhNwPbwgCF3JRpLcDpw+R4wdms+UZJjuMUIR4zJg36U9YVKS04pZC\n2c1WnxQjZUxhMwKeY2dukNtUbYBhBOLg/SEJ6Zghn/qGA5PgZCLVRtjFLErl3Wsn\n1InscFEwW43QsNwdlVUVjWRrZjhFw4QMWx/uehvzQ+KKcSzh0bfKAdO41H5WJmi1\n3LrlldzZgjVvxNv1lNnAeK36ovZXg9cfAAAAAAEC\n-----END OPENSSH PRIVATE KEY-----\n",
            "private_key_pem": "-----BEGIN RSA PRIVATE KEY-----\nMIIJKAIBAAKCAgEAsHqnX/c9FRXj4+4lZ9XhX8cIakBHfERfsILGKHKRlxsLxzrL\n3LlsVl4ZDS7VChbR+eCKBQdeBQOFy0ynk/Mrs8mL5qv6OXHd6vGC2MQyLvcgddWj\noQPiig7D4nMXsQ7j8SujnY9RWkfaoKRnBQfNgEBntxB1SjC0qfpj7+SlP8cYmcHO\n4qWKhyqLfYc+sJRPOIpGiQkxCW71PFoNJTMbpQijc7pV48ikpTEPZkPjGCdqP3yX\nR2Y754Q9TnAioSWgpQdoLSci9fDAuG6ADp+LmBWP1+FCt5m7yHDtKuD87Sqs2Vcw\n+oQVY+edeA5l3PZ0NjvxmjBDr4XKokBKeP59TMhnvA4y1PA+4A+mQ2g0rG5nq7IO\n7uS2uzAf2X8MoJH2ixxd5xePZUPagwntjkYmmDEtn+pSkjq0qJI2HhvUqmmAzLUN\nmfvV5cRl3hYBIyxqPna6K2PBbc0XjcAGrN+lLKsIm7/iizGzuG8Gg/Q4AFuPPAKA\nY5gVsq4qD/GJMwdD7yAamNUhEeXNkdNsK684aoQyFBAfLSHTn1cgqYwbNetC6NzU\nwSYQGih6Ksx02ABCO21t0fk2zJ9coygSXOWFVNhOXHchGacIEnh2ot/9sm3FcfBy\n/Q3GrlpHd0Rw3x03y3AqM1AvJUorHDyIlFZXqbd1SLpLW4fQfeP8+dyQdIkCAwEA\nAQKCAgBYw2haEV3MtDTqWMbBokb4SICICIqsCyvh+PS4NV/bE8Rp0b3l5/GAw1Vw\nVwTaTT4Ro4loHBuDBBGQfp6vAJkTlaTjQc7ag9YtrIm2g4AGNVBDVFA31V9lNyX5\nSRA6gxXNILjrr8EoWomxUN9sHU+UWVCROBr2VOcZs5H+gA9Js9dAxsVLJB43/AMr\nARJb+EycUJhHprLeXsvELjr8Yedeq6iita8roaiGWdW4Bx867+A1zHG+fMJWoSHA\nyQ/x454YQ1B3nX6tGwmj+hg4wrCQrw+pcmh/NjjICVyQu5cbpuJHct50smib1kxS\nrVM4v1EWUjIj7nCs4OtZjmKm1sGoPTssbp5hu6ZA8RCHSHxX9tsNs9WxkoVycmUL\nc5m6gN2hsQ3s01swTPXSRv6rpuPZ+QpGSJyCAMCXkFkSUM0MzSzRvvrKjjVQQL5H\nkzAn1zUfdHZA5vp8O42+3pR+jZw6sUKLvgyaRNqM5uzewLE5FJw0uTs8s0eEFBL6\nPbCiArURBuAoMCjM/AwOL8gQEGc5rkjzYw2nHQ7b3M87rlhoGCqEUNXtNiiOP7Ts\njxFOlWccHpQnTLWwKbfBHOGMRBnFoegbmDrIzJAvtWOfIUr5BqyUkVqiWjw9+LOi\nl/oIR4+x6FfvVa1pySlYD6B6e22ZolGCZAjBB5N+WE4UrxTRPQKCAQEAwR6IK86h\nMQq53am7IaQFsL7XFKA9AIwCEKwSOt967GL/ZgriaLi7AplejAA3ZwfhrAUGQ2BE\nok9ngkMvbmp1AjvCNs50Nnki4uNEzJvK9eCy+udIwD6JEwhhc6tpctRnFXh24DAZ\nQBWJ3TgBQb1Tn2/5squ6jGp+/LQGALus0zqRJi3D2SjMYj5EhhJ4KbQFV79xCBqc\n4gWVYGg2XdLa8hVojVqnEjuS4F/s6xJ9JuY33BQIoEK8OHZYnc0rtxq+d03eqTGr\nxJDhr0CsDLGX03tVmp/rN12l/ZFouysBwUJd45qUsfz/iScct4x5CCsFzCpRpu+U\ns9p1CjEh0o+HVwKCAQEA6fEUzidnqgxnj8S4mujnZMQ3xpczXnxW2Xtj+iWQ/NxN\nwVcA2hy2OrbcrbKq9eUCs1HIRCk2trvYg1fdlbWXW5eW5MHngDpYY6FN31lwSyBA\nkMmIKOLt/9rjGzVo06CUZYTcD28IAhdyUaS3A6cPkeMHZrPlGSY7jFCEeMyYN+lP\nWFSktOKWQtnNVp8UI2VMYTMCnmNnbpDbVG2AYQTi4P0hCemYIZ/6hgOT4GQi1UbY\nxSxK5d1rJ9SJ7HBRMFuN0LDcHZVVFY1ka2Y4RcOEDFsf7nob80PiinEs4dG3ygHT\nuNR+ViZotdy65ZXc2YI1b8Tb9ZTZwHit+qL2V4PXHwKCAQAmqHT7x/YuegYw4Cws\nlMfq1Jj7cQQlGuHC8p8Hl/rkXQDhLWabLfeJkqgBgH2Wq1Y6eBsD276Be0GuKsLQ\n6JCZrNq42+UZjnA0WOhJyRn81EkfvrKqgRoxbCkN3Y9TRD+KZb3uLNKxKF6boP1n\nan3V2bVzVbsXJq5a6bKV7PuwoPWzXc/ppagcNnjDGelh975mDVWUGLe06wc28EWJ\nzI61jSGLwkzVcoV5Utp7SA0zfzxJWt1LL3C8ILymgg6xLbJY8YaT+fR3ecUjrt+B\n/v70f6joNgEA6Uc0FiqP5REJ3b4rtKL1aj7A9sph18XWo74aW5JSx3zN7/oj2yf5\nHXArAoIBABIXPpCio3WW9/s6Lzxrfllggx+sWaCY5O50iEqz1P542tp0q/AyADWS\nJoaYJnhVeVv8mwwKU9zVseyWQuBs5oOCuXx/MjPMT0GFG8yF0hU9LUEFFK50vgrn\nFmDoRG75IACpwYq//1KKFaESp8R0itOxRsU+bB0Bw+EZ6OSejbblJ+mgwgvq6cvJ\npANq0dfa4YkytKUi8sCuGwfwX9kg05qqeH+XvNf80xbB+BGGLNtpWyIERtZ3xO2T\nlgbeuKiQq+rTgnIXNjkwce+MPBXJBNEfytxaPQcW3NHv5pSf7yKD+ad1Zz+qQLav\nlxRh/m4jj5ZRFuFq3Vvw+SNEruAdpekCggEBAIsM5u5Z7MfjMPetOArtYj35DI92\n+qAXUWjll4bXeDrYfOVtmL9K8QK8y20nU+yCJKNAnIoGKcxzOgN10D0rZtFpo718\nBpzGRG9qBEZrEDOZFHl/5B3C0JZzy39sYiOkaV/rgvKoC0Y7Lu6jyl4KypE4GSpI\nP9kPX0h/nmqWnmYuaVtfNLPJL3PvdfOsDo8xuCeey32/yDSzLRNoecifwlrxy1Za\n/5/PfLwW1U+MxyKoPSlVvGtvnUo3batNQng3vCWOcoBDw003jp9k4xEm5FxsZ7Ri\njKqakJ4mayx7AFciHeDkdVIub0yec4cwGYOVjvuR3Uqtx7uXv/OHwTcKMxc=\n-----END RSA PRIVATE KEY-----\n",
            "private_key_pem_pkcs8": "-----BEGIN PRIVATE KEY-----\nMIIJQgIBADANBgkqhkiG9w0BAQEFAASCCSwwggkoAgEAAoICAQCweqdf9z0VFePj\n7iVn1eFfxwhqQEd8RF+wgsYocpGXGwvHOsvcuWxWXhkNLtUKFtH54IoFB14FA4XL\nTKeT8yuzyYvmq/o5cd3q8YLYxDIu9yB11aOhA+KKDsPicxexDuPxK6Odj1FaR9qg\npGcFB82AQGe3EHVKMLSp+mPv5KU/xxiZwc7ipYqHKot9hz6wlE84ikaJCTEJbvU8\nWg0lMxulCKNzulXjyKSlMQ9mQ+MYJ2o/fJdHZjvnhD1OcCKhJaClB2gtJyL18MC4\nboAOn4uYFY/X4UK3mbvIcO0q4PztKqzZVzD6hBVj5514DmXc9nQ2O/GaMEOvhcqi\nQEp4/n1MyGe8DjLU8D7gD6ZDaDSsbmersg7u5La7MB/ZfwygkfaLHF3nF49lQ9qD\nCe2ORiaYMS2f6lKSOrSokjYeG9SqaYDMtQ2Z+9XlxGXeFgEjLGo+drorY8FtzReN\nwAas36Usqwibv+KLMbO4bwaD9DgAW488AoBjmBWyrioP8YkzB0PvIBqY1SER5c2R\n02wrrzhqhDIUEB8tIdOfVyCpjBs160Lo3NTBJhAaKHoqzHTYAEI7bW3R+TbMn1yj\nKBJc5YVU2E5cdyEZpwgSeHai3/2ybcVx8HL9DcauWkd3RHDfHTfLcCozUC8lSisc\nPIiUVlept3VIuktbh9B94/z53JB0iQIDAQABAoICAFjDaFoRXcy0NOpYxsGiRvhI\ngIgIiqwLK+H49Lg1X9sTxGnRveXn8YDDVXBXBNpNPhGjiWgcG4MEEZB+nq8AmROV\npONBztqD1i2sibaDgAY1UENUUDfVX2U3JflJEDqDFc0guOuvwShaibFQ32wdT5RZ\nUJE4GvZU5xmzkf6AD0mz10DGxUskHjf8AysBElv4TJxQmEemst5ey8QuOvxh516r\nqKK1ryuhqIZZ1bgHHzrv4DXMcb58wlahIcDJD/HjnhhDUHedfq0bCaP6GDjCsJCv\nD6lyaH82OMgJXJC7lxum4kdy3nSyaJvWTFKtUzi/URZSMiPucKzg61mOYqbWwag9\nOyxunmG7pkDxEIdIfFf22w2z1bGShXJyZQtzmbqA3aGxDezTWzBM9dJG/qum49n5\nCkZInIIAwJeQWRJQzQzNLNG++sqONVBAvkeTMCfXNR90dkDm+nw7jb7elH6NnDqx\nQou+DJpE2ozm7N7AsTkUnDS5OzyzR4QUEvo9sKICtREG4CgwKMz8DA4vyBAQZzmu\nSPNjDacdDtvczzuuWGgYKoRQ1e02KI4/tOyPEU6VZxwelCdMtbApt8Ec4YxEGcWh\n6BuYOsjMkC+1Y58hSvkGrJSRWqJaPD34s6KX+ghHj7HoV+9VrWnJKVgPoHp7bZmi\nUYJkCMEHk35YThSvFNE9AoIBAQDBHogrzqExCrndqbshpAWwvtcUoD0AjAIQrBI6\n33rsYv9mCuJouLsCmV6MADdnB+GsBQZDYESiT2eCQy9uanUCO8I2znQ2eSLi40TM\nm8r14LL650jAPokTCGFzq2ly1GcVeHbgMBlAFYndOAFBvVOfb/myq7qMan78tAYA\nu6zTOpEmLcPZKMxiPkSGEngptAVXv3EIGpziBZVgaDZd0tryFWiNWqcSO5LgX+zr\nEn0m5jfcFAigQrw4dlidzSu3Gr53Td6pMavEkOGvQKwMsZfTe1Wan+s3XaX9kWi7\nKwHBQl3jmpSx/P+JJxy3jHkIKwXMKlGm75Sz2nUKMSHSj4dXAoIBAQDp8RTOJ2eq\nDGePxLia6OdkxDfGlzNefFbZe2P6JZD83E3BVwDaHLY6ttytsqr15QKzUchEKTa2\nu9iDV92VtZdbl5bkweeAOlhjoU3fWXBLIECQyYgo4u3/2uMbNWjToJRlhNwPbwgC\nF3JRpLcDpw+R4wdms+UZJjuMUIR4zJg36U9YVKS04pZC2c1WnxQjZUxhMwKeY2du\nkNtUbYBhBOLg/SEJ6Zghn/qGA5PgZCLVRtjFLErl3Wsn1InscFEwW43QsNwdlVUV\njWRrZjhFw4QMWx/uehvzQ+KKcSzh0bfKAdO41H5WJmi13LrlldzZgjVvxNv1lNnA\neK36ovZXg9cfAoIBACaodPvH9i56BjDgLCyUx+rUmPtxBCUa4cLynweX+uRdAOEt\nZpst94mSqAGAfZarVjp4GwPbvoF7Qa4qwtDokJms2rjb5RmOcDRY6EnJGfzUSR++\nsqqBGjFsKQ3dj1NEP4plve4s0rEoXpug/WdqfdXZtXNVuxcmrlrpspXs+7Cg9bNd\nz+mlqBw2eMMZ6WH3vmYNVZQYt7TrBzbwRYnMjrWNIYvCTNVyhXlS2ntIDTN/PEla\n3UsvcLwgvKaCDrEtsljxhpP59Hd5xSOu34H+/vR/qOg2AQDpRzQWKo/lEQndviu0\novVqPsD2ymHXxdajvhpbklLHfM3v+iPbJ/kdcCsCggEAEhc+kKKjdZb3+zovPGt+\nWWCDH6xZoJjk7nSISrPU/nja2nSr8DIANZImhpgmeFV5W/ybDApT3NWx7JZC4Gzm\ng4K5fH8yM8xPQYUbzIXSFT0tQQUUrnS+CucWYOhEbvkgAKnBir//UooVoRKnxHSK\n07FGxT5sHQHD4Rno5J6NtuUn6aDCC+rpy8mkA2rR19rhiTK0pSLywK4bB/Bf2SDT\nmqp4f5e81/zTFsH4EYYs22lbIgRG1nfE7ZOWBt64qJCr6tOCchc2OTBx74w8FckE\n0R/K3Fo9Bxbc0e/mlJ/vIoP5p3VnP6pAtq+XFGH+biOPllEW4WrdW/D5I0Su4B2l\n6QKCAQEAiwzm7lnsx+Mw9604Cu1iPfkMj3b6oBdRaOWXhtd4Oth85W2Yv0rxArzL\nbSdT7IIko0CcigYpzHM6A3XQPStm0WmjvXwGnMZEb2oERmsQM5kUeX/kHcLQlnPL\nf2xiI6RpX+uC8qgLRjsu7qPKXgrKkTgZKkg/2Q9fSH+eapaeZi5pW180s8kvc+91\n86wOjzG4J57Lfb/INLMtE2h5yJ/CWvHLVlr/n898vBbVT4zHIqg9KVW8a2+dSjdt\nq01CeDe8JY5ygEPDTTeOn2TjESbkXGxntGKMqpqQniZrLHsAVyId4OR1Ui5vTJ5z\nhzAZg5WO+5HdSq3Hu5e/84fBNwozFw==\n-----END PRIVATE KEY-----\n",
            "public_key_fingerprint_md5": "d6:23:ff:6f:1d:04:1a:f2:a7:f2:99:dc:69:41:50:a9",
            "public_key_fingerprint_sha256": "SHA256:SL0Nqr2srzAMetwDB0TeyBNRahTdUeQAgE2mPtbj0ks",
            "public_key_openssh": "ssh-rsa AAAAB3NzaC1yc2EAAAADAQABAAACAQCweqdf9z0VFePj7iVn1eFfxwhqQEd8RF+wgsYocpGXGwvHOsvcuWxWXhkNLtUKFtH54IoFB14FA4XLTKeT8yuzyYvmq/o5cd3q8YLYxDIu9yB11aOhA+KKDsPicxexDuPxK6Odj1FaR9qgpGcFB82AQGe3EHVKMLSp+mPv5KU/xxiZwc7ipYqHKot9hz6wlE84ikaJCTEJbvU8Wg0lMxulCKNzulXjyKSlMQ9mQ+MYJ2o/fJdHZjvnhD1OcCKhJaClB2gtJyL18MC4boAOn4uYFY/X4UK3mbvIcO0q4PztKqzZVzD6hBVj5514DmXc9nQ2O/GaMEOvhcqiQEp4/n1MyGe8DjLU8D7gD6ZDaDSsbmersg7u5La7MB/ZfwygkfaLHF3nF49lQ9qDCe2ORiaYMS2f6lKSOrSokjYeG9SqaYDMtQ2Z+9XlxGXeFgEjLGo+drorY8FtzReNwAas36Usqwibv+KLMbO4bwaD9DgAW488AoBjmBWyrioP8YkzB0PvIBqY1SER5c2R02wrrzhqhDIUEB8tIdOfVyCpjBs160Lo3NTBJhAaKHoqzHTYAEI7bW3R+TbMn1yjKBJc5YVU2E5cdyEZpwgSeHai3/2ybcVx8HL9DcauWkd3RHDfHTfLcCozUC8lSiscPIiUVlept3VIuktbh9B94/z53JB0iQ==\n",
            "public_key_pem": "-----BEGIN PUBLIC KEY-----\nMIICIjANBgkqhkiG9w0BAQEFAAOCAg8AMIICCgKCAgEAsHqnX/c9FRXj4+4lZ9Xh\nX8cIakBHfERfsILGKHKRlxsLxzrL3LlsVl4ZDS7VChbR+eCKBQdeBQOFy0ynk/Mr\ns8mL5qv6OXHd6vGC2MQyLvcgddWjoQPiig7D4nMXsQ7j8SujnY9RWkfaoKRnBQfN\ngEBntxB1SjC0qfpj7+SlP8cYmcHO4qWKhyqLfYc+sJRPOIpGiQkxCW71PFoNJTMb\npQijc7pV48ikpTEPZkPjGCdqP3yXR2Y754Q9TnAioSWgpQdoLSci9fDAuG6ADp+L\nmBWP1+FCt5m7yHDtKuD87Sqs2Vcw+oQVY+edeA5l3PZ0NjvxmjBDr4XKokBKeP59\nTMhnvA4y1PA+4A+mQ2g0rG5nq7IO7uS2uzAf2X8MoJH2ixxd5xePZUPagwntjkYm\nmDEtn+pSkjq0qJI2HhvUqmmAzLUNmfvV5cRl3hYBIyxqPna6K2PBbc0XjcAGrN+l\nLKsIm7/iizGzuG8Gg/Q4AFuPPAKAY5gVsq4qD/GJMwdD7yAamNUhEeXNkdNsK684\naoQyFBAfLSHTn1cgqYwbNetC6NzUwSYQGih6Ksx02ABCO21t0fk2zJ9coygSXOWF\nVNhOXHchGacIEnh2ot/9sm3FcfBy/Q3GrlpHd0Rw3x03y3AqM1AvJUorHDyIlFZX\nqbd1SLpLW4fQfeP8+dyQdIkCAwEAAQ==\n-----END PUBLIC KEY-----\n",
            "rsa_bits": 4096
          },
          "sensitive_attributes": [],
          "create_before_destroy": true
        }
      ]
    }
  ]
}
